
Microsoft Visual Studio Solution File, Format Version 12.00
# Visual Studio Version 16
VisualStudioVersion = 16.0.31005.135
MinimumVisualStudioVersion = 10.0.40219.1
Project("{9A19103F-16F7-4668-BE54-9A1E7A4F7556}") = "CSharpPluginExample.Host", "CSharpPluginExample.Host\CSharpPluginExample.Host.csproj", "{52E7364C-2A9C-4BF6-B0F4-16B1D1DE1902}"
EndProject
Project("{9A19103F-16F7-4668-BE54-9A1E7A4F7556}") = "CSharpPluginExample.ExamplePlugin", "CSharpPluginExample.ExamplePlugin\CSharpPluginExample.ExamplePlugin.csproj", "{A8E7F010-C6CA-4135-97A1-82DF23C52522}"
EndProject
Global
	GlobalSection(SolutionConfigurationPlatforms) = preSolution
		Debug|Any CPU = Debug|Any CPU
		Release|Any CPU = Release|Any CPU
	EndGlobalSection
	GlobalSection(ProjectConfigurationPlatforms) = postSolution
		{52E7364C-2A9C-4BF6-B0F4-16B1D1DE1902}.Debug|Any CPU.ActiveCfg = Debug|Any CPU
		{52E7364C-2A9C-4BF6-B0F4-16B1D1DE1902}.Debug|Any CPU.Build.0 = Debug|Any CPU
		{52E7364C-2A9C-4BF6-B0F4-16B1D1DE1902}.Release|Any CPU.ActiveCfg = Release|Any CPU
		{52E7364C-2A9C-4BF6-B0F4-16B1D1DE1902}.Release|Any CPU.Build.0 = Release|Any CPU
		{A8E7F010-C6CA-4135-97A1-82DF23C52522}.Debug|Any CPU.ActiveCfg = Debug|Any CPU
		{A8E7F010-C6CA-4135-97A1-82DF23C52522}.Debug|Any CPU.Build.0 = Debug|Any CPU
		{A8E7F010-C6CA-4135-97A1-82DF23C52522}.Release|Any CPU.ActiveCfg = Release|Any CPU
		{A8E7F010-C6CA-4135-97A1-82DF23C52522}.Release|Any CPU.Build.0 = Release|Any CPU
	EndGlobalSection
	GlobalSection(SolutionProperties) = preSolution
		HideSolutionNode = FALSE
	EndGlobalSection
	GlobalSection(ExtensibilityGlobals) = postSolution
		SolutionGuid = {F714CF9B-F7D2-4D1B-9D5D-5BBBFA520893}
	EndGlobalSection
EndGlobal
